PODS:
  - SDWebImage (4.4.3):
    - SDWebImage/Core (= 4.4.3)
  - SDWebImage/Core (4.4.3)
  - TZImagePickerController (3.1.7)

DEPENDENCIES:
  - SDWebImage
  - TZImagePickerController (= 3.1.7)

SPEC CHECKSUMS:
  SDWebImage: c5594f1a19c48d526d321e548902b56b479cd508
  TZImagePickerController: 3027e1e2029c830186c6a167c88c933b8556fdc7

PODFILE CHECKSUM: 3bfecb2f1680d3e57cae5d8fcf7d8a1b9a844751

COCOAPODS: 1.3.1
