PODS:
  - SDWebImage (4.4.2):
    - SDWebImage/Core (= 4.4.2)
  - SDWebImage/Core (4.4.2)
  - TZImagePickerController (3.0.2)

DEPENDENCIES:
  - SDWebImage
  - TZImagePickerController (= 3.0.2)

SPEC CHECKSUMS:
  SDWebImage: 624d6e296c69b244bcede364c72ae0430ac14681
  TZImagePickerController: c6736038f5016a8be14132fd07e4e92ce6496385

PODFILE CHECKSUM: b78ae35578264f7c650083051a27bb6b28c6c662

COCOAPODS: 1.3.1
